
Microsoft Visual Studio Solution File, Format Version 12.00
# Visual Studio 2013
VisualStudioVersion = 12.0.30110.0
MinimumVisualStudioVersion = 10.0.40219.1
Project("{FAE04EC0-301F-11D3-BF4B-00C04F79EFBC}") = "Prism.WinForms", "Desktop\Prism\Prism.WinForms.csproj", "{7D81DF4D-EFF4-46AB-B2A0-13D2C58DD7E7}"
EndProject
Project("{FAE04EC0-301F-11D3-BF4B-00C04F79EFBC}") = "Prism.MefExtensions.WinForms", "Desktop\Prism.MefExtensions\Prism.MefExtensions.WinForms.csproj", "{B472C89D-AA11-4845-BD1A-87C3FF91F83C}"
EndProject
Project("{FAE04EC0-301F-11D3-BF4B-00C04F79EFBC}") = "Prism.Mvvm.WinForms", "Prism.Mvvm\Prism.Mvvm.WinForms.csproj", "{93EF615D-40EE-469E-BCF4-CD1235944112}"
EndProject
Project("{FAE04EC0-301F-11D3-BF4B-00C04F79EFBC}") = "Prism.Interactivity.WinForms", "Desktop\Prism.Interactivity\Prism.Interactivity.WinForms.csproj", "{7A7BD6E1-DC9E-440D-9277-6C488C84A53F}"
EndProject
Project("{FAE04EC0-301F-11D3-BF4B-00C04F79EFBC}") = "Prism.UnityExtensions.WinForms", "Desktop\Prism.UnityExtensions\Prism.UnityExtensions.WinForms.csproj", "{D52A992D-2979-4D2B-BF5B-DE1D1D4C52AE}"
EndProject
Global
	GlobalSection(SolutionConfigurationPlatforms) = preSolution
		Debug|Any CPU = Debug|Any CPU
		Release|Any CPU = Release|Any CPU
	EndGlobalSection
	GlobalSection(ProjectConfigurationPlatforms) = postSolution
		{7D81DF4D-EFF4-46AB-B2A0-13D2C58DD7E7}.Debug|Any CPU.ActiveCfg = Debug|Any CPU
		{7D81DF4D-EFF4-46AB-B2A0-13D2C58DD7E7}.Debug|Any CPU.Build.0 = Debug|Any CPU
		{7D81DF4D-EFF4-46AB-B2A0-13D2C58DD7E7}.Release|Any CPU.ActiveCfg = Release|Any CPU
		{7D81DF4D-EFF4-46AB-B2A0-13D2C58DD7E7}.Release|Any CPU.Build.0 = Release|Any CPU
		{B472C89D-AA11-4845-BD1A-87C3FF91F83C}.Debug|Any CPU.ActiveCfg = Debug|Any CPU
		{B472C89D-AA11-4845-BD1A-87C3FF91F83C}.Debug|Any CPU.Build.0 = Debug|Any CPU
		{B472C89D-AA11-4845-BD1A-87C3FF91F83C}.Release|Any CPU.ActiveCfg = Release|Any CPU
		{B472C89D-AA11-4845-BD1A-87C3FF91F83C}.Release|Any CPU.Build.0 = Release|Any CPU
		{93EF615D-40EE-469E-BCF4-CD1235944112}.Debug|Any CPU.ActiveCfg = Debug|Any CPU
		{93EF615D-40EE-469E-BCF4-CD1235944112}.Debug|Any CPU.Build.0 = Debug|Any CPU
		{93EF615D-40EE-469E-BCF4-CD1235944112}.Release|Any CPU.ActiveCfg = Release|Any CPU
		{93EF615D-40EE-469E-BCF4-CD1235944112}.Release|Any CPU.Build.0 = Release|Any CPU
		{7A7BD6E1-DC9E-440D-9277-6C488C84A53F}.Debug|Any CPU.ActiveCfg = Debug|Any CPU
		{7A7BD6E1-DC9E-440D-9277-6C488C84A53F}.Debug|Any CPU.Build.0 = Debug|Any CPU
		{7A7BD6E1-DC9E-440D-9277-6C488C84A53F}.Release|Any CPU.ActiveCfg = Release|Any CPU
		{7A7BD6E1-DC9E-440D-9277-6C488C84A53F}.Release|Any CPU.Build.0 = Release|Any CPU
		{D52A992D-2979-4D2B-BF5B-DE1D1D4C52AE}.Debug|Any CPU.ActiveCfg = Debug|Any CPU
		{D52A992D-2979-4D2B-BF5B-DE1D1D4C52AE}.Debug|Any CPU.Build.0 = Debug|Any CPU
		{D52A992D-2979-4D2B-BF5B-DE1D1D4C52AE}.Release|Any CPU.ActiveCfg = Release|Any CPU
		{D52A992D-2979-4D2B-BF5B-DE1D1D4C52AE}.Release|Any CPU.Build.0 = Release|Any CPU
	EndGlobalSection
	GlobalSection(SolutionProperties) = preSolution
		HideSolutionNode = FALSE
	EndGlobalSection
	GlobalSection(ExtensibilityGlobals) = postSolution
		EnterpriseLibraryConfigurationToolBinariesPath = packages\Unity.2.1.505.2\lib\NET35
	EndGlobalSection
EndGlobal
